{
  "name": "lekoala-silverstripe-tabulator",
  "lockfileVersion": 2,
  "requires": true,
  "packages": {
    "": {
      "name": "lekoala-silverstripe-tabulator",
      "license": "MIT",
      "dependencies": {
        "tabulator-tables": "^5.2"
      }
    },
    "node_modules/tabulator-tables": {
      "version": "5.2.4",
      "resolved": "https://registry.npmjs.org/tabulator-tables/-/tabulator-tables-5.2.4.tgz",
      "integrity": "sha512-VIgRvq5D8FY7MLSgPlSunH1kqPjspXuplyO4JY9dFniRHzo1JtCeCQbvsMMEaaLNE2m+HKIzw+r7ipOLXOpLjQ=="
    }
  },
  "dependencies": {
    "tabulator-tables": {
      "version": "5.2.4",
      "resolved": "https://registry.npmjs.org/tabulator-tables/-/tabulator-tables-5.2.4.tgz",
      "integrity": "sha512-VIgRvq5D8FY7MLSgPlSunH1kqPjspXuplyO4JY9dFniRHzo1JtCeCQbvsMMEaaLNE2m+HKIzw+r7ipOLXOpLjQ=="
    }
  }
}
