{
  "name": "lekoala-silverstripe-tabulator",
  "lockfileVersion": 2,
  "requires": true,
  "packages": {
    "": {
      "name": "lekoala-silverstripe-tabulator",
      "license": "MIT",
      "dependencies": {
        "tabulator-tables": "^5.1.8"
      }
    },
    "node_modules/tabulator-tables": {
      "version": "5.1.8",
      "resolved": "https://registry.npmjs.org/tabulator-tables/-/tabulator-tables-5.1.8.tgz",
      "integrity": "sha512-5ah2ftxNEKiSF5QaAETA4gX49OHiv+kFZLaD+s++LOx2oSvH0J0CujxH570Ou4Bo4Zq6MmI4T7idRS0jhq/VfA=="
    }
  },
  "dependencies": {
    "tabulator-tables": {
      "version": "5.1.8",
      "resolved": "https://registry.npmjs.org/tabulator-tables/-/tabulator-tables-5.1.8.tgz",
      "integrity": "sha512-5ah2ftxNEKiSF5QaAETA4gX49OHiv+kFZLaD+s++LOx2oSvH0J0CujxH570Ou4Bo4Zq6MmI4T7idRS0jhq/VfA=="
    }
  }
}
