{
  "name": "lekoala-silverstripe-tabulator",
  "lockfileVersion": 2,
  "requires": true,
  "packages": {
    "": {
      "name": "lekoala-silverstripe-tabulator",
      "license": "MIT",
      "dependencies": {
        "tabulator-tables": "5.4.0"
      }
    },
    "node_modules/tabulator-tables": {
      "version": "5.4.0",
      "resolved": "https://registry.npmjs.org/tabulator-tables/-/tabulator-tables-5.4.0.tgz",
      "integrity": "sha512-LPiA895CbKHvh1oIWJl42tukXYYH04t2xn2pkUYleGnGf5tDGFnwKszag9GVWGOe+jyDHKNdJ4tFkM9edL/fXw=="
    }
  },
  "dependencies": {
    "tabulator-tables": {
      "version": "5.4.0",
      "resolved": "https://registry.npmjs.org/tabulator-tables/-/tabulator-tables-5.4.0.tgz",
      "integrity": "sha512-LPiA895CbKHvh1oIWJl42tukXYYH04t2xn2pkUYleGnGf5tDGFnwKszag9GVWGOe+jyDHKNdJ4tFkM9edL/fXw=="
    }
  }
}
